<?xml version="1.0" encoding="utf-8"?>
<Project ToolsVersion="4.0" xmlns="http://schemas.microsoft.com/developer/msbuild/2003">
  <ItemGroup>
    <Filter Include="Source Files">
      <UniqueIdentifier>{4FC737F1-C7A5-4376-A066-2A32D752A2FF}</UniqueIdentifier>
      <Extensions>cpp;cxx;c;def</Extensions>
    </Filter>
    <Filter Include="Header Files">
      <UniqueIdentifier>{93995380-89BD-4b04-88EB-625FBE52EBFB}</UniqueIdentifier>
      <Extensions>h</Extensions>
    </Filter>
    <Filter Include="Form Files">
      <UniqueIdentifier>{99349809-55BA-4b9d-BF79-8FDBB0286EB3}</UniqueIdentifier>
      <Extensions>ui</Extensions>
    </Filter>
    <Filter Include="Resource Files">
      <UniqueIdentifier>{D9D6E242-F8AF-46E4-B9FD-80ECBC20BA3E}</UniqueIdentifier>
      <Extensions>qrc;*</Extensions>
      <ParseFiles>false</ParseFiles>
    </Filter>
    <Filter Include="Generated Files">
      <UniqueIdentifier>{71ED8ED8-ACB9-4CE9-BBE1-E00B30144E11}</UniqueIdentifier>
      <Extensions>moc;h;cpp</Extensions>
      <SourceControlFiles>False</SourceControlFiles>
    </Filter>
    <Filter Include="Generated Files\Debug">
      <UniqueIdentifier>{550668b2-2910-4a2e-97c1-b0b9428a8bc1}</UniqueIdentifier>
      <Extensions>cpp;moc</Extensions>
      <SourceControlFiles>False</SourceControlFiles>
    </Filter>
    <Filter Include="Generated Files\Release">
      <UniqueIdentifier>{df48a839-3110-478c-9f59-b90a132c6391}</UniqueIdentifier>
      <Extensions>cpp;moc</Extensions>
      <SourceControlFiles>False</SourceControlFiles>
    </Filter>
  </ItemGroup>
  <ItemGroup>
    <ClCompile Include="stdafx.cpp">
      <Filter>Source Files</Filter>
    </ClCompile>
    <ClCompile Include="main.cpp">
      <Filter>Source Files</Filter>
    </ClCompile>
    <ClCompile Include="MattyTime.cpp">
      <Filter>Source Files</Filter>
    </ClCompile>
    <ClCompile Include="DbManager.cpp">
      <Filter>Source Files</Filter>
    </ClCompile>
    <ClCompile Include="MattyNote.cpp">
      <Filter>Source Files</Filter>
    </ClCompile>
    <ClCompile Include="Constants.cpp">
      <Filter>Source Files</Filter>
    </ClCompile>
    <ClCompile Include="addnotedialog.cpp">
      <Filter>Source Files</Filter>
    </ClCompile>
    <ClCompile Include="GeneratedFiles\Debug\moc_addnotedialog.cpp">
      <Filter>Generated Files\Debug</Filter>
    </ClCompile>
    <ClCompile Include="GeneratedFiles\Release\moc_addnotedialog.cpp">
      <Filter>Generated Files\Release</Filter>
    </ClCompile>
    <ClCompile Include="UtilityFunctions.cpp">
      <Filter>Source Files</Filter>
    </ClCompile>
    <ClCompile Include="MattyGroupBox.cpp">
      <Filter>Source Files</Filter>
    </ClCompile>
    <ClCompile Include="NoteHolder.cpp">
      <Filter>Source Files</Filter>
    </ClCompile>
    <ClCompile Include="QueryConstructor.cpp">
      <Filter>Source Files</Filter>
    </ClCompile>
    <ClCompile Include="GeneratedFiles\Debug\moc_MattyGroupBox.cpp">
      <Filter>Generated Files\Debug</Filter>
    </ClCompile>
    <ClCompile Include="GeneratedFiles\Release\moc_MattyGroupBox.cpp">
      <Filter>Generated Files\Release</Filter>
    </ClCompile>
    <ClCompile Include="MattyClocks.cpp">
      <Filter>Source Files</Filter>
    </ClCompile>
    <ClCompile Include="GeneratedFiles\Debug\moc_MattyClocks.cpp">
      <Filter>Generated Files\Debug</Filter>
    </ClCompile>
    <ClCompile Include="GeneratedFiles\Release\moc_MattyClocks.cpp">
      <Filter>Generated Files\Release</Filter>
    </ClCompile>
    <ClCompile Include="GeneratedFiles\Debug\moc_MattySettingsDialog.cpp">
      <Filter>Generated Files\Debug</Filter>
    </ClCompile>
    <ClCompile Include="GeneratedFiles\Release\moc_MattySettingsDialog.cpp">
      <Filter>Generated Files\Release</Filter>
    </ClCompile>
    <ClCompile Include="MattySettingsDialog.cpp">
      <Filter>Source Files</Filter>
    </ClCompile>
    <ClCompile Include="mattymessagebox.cpp">
      <Filter>Source Files</Filter>
    </ClCompile>
    <ClCompile Include="GeneratedFiles\Debug\moc_mattymessagebox.cpp">
      <Filter>Generated Files\Debug</Filter>
    </ClCompile>
    <ClCompile Include="GeneratedFiles\Release\moc_mattymessagebox.cpp">
      <Filter>Generated Files\Release</Filter>
    </ClCompile>
    <ClCompile Include="GeneratedFiles\Debug\moc_mattynotesmainwindow.cpp">
      <Filter>Generated Files\Debug</Filter>
    </ClCompile>
    <ClCompile Include="GeneratedFiles\Release\moc_mattynotesmainwindow.cpp">
      <Filter>Generated Files\Release</Filter>
    </ClCompile>
    <ClCompile Include="mattynotesmainwindow.cpp">
      <Filter>Source Files</Filter>
    </ClCompile>
    <ClCompile Include="GeneratedFiles\qrc_mattynotesmainwindow.cpp">
      <Filter>Generated Files</Filter>
    </ClCompile>
    <ClCompile Include="MattyStyleSheetEditor.cpp">
      <Filter>Source Files</Filter>
    </ClCompile>
  </ItemGroup>
  <ItemGroup>
    <ClInclude Include="stdafx.h">
      <Filter>Header Files</Filter>
    </ClInclude>
    <ClInclude Include="MattyTime.h">
      <Filter>Header Files</Filter>
    </ClInclude>
    <ClInclude Include="DbManager.h">
      <Filter>Header Files</Filter>
    </ClInclude>
    <ClInclude Include="MattyNote.h">
      <Filter>Header Files</Filter>
    </ClInclude>
    <ClInclude Include="Constants.h">
      <Filter>Header Files</Filter>
    </ClInclude>
    <ClInclude Include="UtilityFunctions.h">
      <Filter>Header Files</Filter>
    </ClInclude>
    <ClInclude Include="resource.h">
      <Filter>Header Files</Filter>
    </ClInclude>
    <ClInclude Include="GeneratedFiles\ui_addnotedialog.h">
      <Filter>Generated Files</Filter>
    </ClInclude>
    <ClInclude Include="NoteHolder.h">
      <Filter>Header Files</Filter>
    </ClInclude>
    <ClInclude Include="QueryConstructor.h">
      <Filter>Header Files</Filter>
    </ClInclude>
    <ClInclude Include="GeneratedFiles\ui_mattysettingsdialog.h">
      <Filter>Generated Files</Filter>
    </ClInclude>
    <ClInclude Include="GeneratedFiles\ui_mattynotesmainwindow.h">
      <Filter>Generated Files</Filter>
    </ClInclude>
    <ClInclude Include="MattyStyleSheetEditor.h">
      <Filter>Header Files</Filter>
    </ClInclude>
  </ItemGroup>
  <ItemGroup>
    <CustomBuild Include="addnotedialog.h">
      <Filter>Header Files</Filter>
    </CustomBuild>
    <CustomBuild Include="addnotedialog.ui">
      <Filter>Form Files</Filter>
    </CustomBuild>
    <CustomBuild Include="MattyGroupBox.h">
      <Filter>Header Files</Filter>
    </CustomBuild>
    <CustomBuild Include="MattyClocks.h">
      <Filter>Header Files</Filter>
    </CustomBuild>
    <CustomBuild Include="MattySettingsDialog.h">
      <Filter>Header Files</Filter>
    </CustomBuild>
    <CustomBuild Include="mattysettingsdialog.ui">
      <Filter>Form Files</Filter>
    </CustomBuild>
    <CustomBuild Include="mattymessagebox.h">
      <Filter>Header Files</Filter>
    </CustomBuild>
    <CustomBuild Include="mattynotesmainwindow.h">
      <Filter>Header Files</Filter>
    </CustomBuild>
    <CustomBuild Include="mattynotesmainwindow.ui">
      <Filter>Form Files</Filter>
    </CustomBuild>
    <CustomBuild Include="mattynotesmainwindow.qrc">
      <Filter>Resource Files</Filter>
    </CustomBuild>
  </ItemGroup>
  <ItemGroup>
    <ResourceCompile Include="MattyNotesMainWindow.rc" />
  </ItemGroup>
  <ItemGroup>
    <None Include="stylesheet.qss">
      <Filter>Resource Files</Filter>
    </None>
    <None Include="MattyNotes.sqlite">
      <Filter>Resource Files</Filter>
    </None>
    <None Include="MattyStyles.qss">
      <Filter>Resource Files</Filter>
    </None>
  </ItemGroup>
  <ItemGroup>
    <Image Include="CommonYes40x40.png">
      <Filter>Resource Files</Filter>
    </Image>
    <Image Include="CommonYesHover40x40.png">
      <Filter>Resource Files</Filter>
    </Image>
    <Image Include="CommonNoHover40x40.png">
      <Filter>Resource Files</Filter>
    </Image>
    <Image Include="CommonNo40x40.png">
      <Filter>Resource Files</Filter>
    </Image>
    <Image Include="QuestionSquared.png">
      <Filter>Resource Files</Filter>
    </Image>
    <Image Include="VerticalLine.png">
      <Filter>Resource Files</Filter>
    </Image>
    <Image Include="Settings.png">
      <Filter>Resource Files</Filter>
    </Image>
    <Image Include="SettingsHover.png">
      <Filter>Resource Files</Filter>
    </Image>
    <Image Include="RefreshNoteList.png">
      <Filter>Resource Files</Filter>
    </Image>
    <Image Include="RefreshNoteListHover.png">
      <Filter>Resource Files</Filter>
    </Image>
    <Image Include="CommonNo.png">
      <Filter>Resource Files</Filter>
    </Image>
    <Image Include="CommonNoHover.png">
      <Filter>Resource Files</Filter>
    </Image>
    <Image Include="CommonYes.png">
      <Filter>Resource Files</Filter>
    </Image>
    <Image Include="CommonYesHover.png">
      <Filter>Resource Files</Filter>
    </Image>
    <Image Include="ApplyAdding.png">
      <Filter>Resource Files</Filter>
    </Image>
    <Image Include="ApplyAddingHover.png">
      <Filter>Resource Files</Filter>
    </Image>
    <Image Include="CancelAdding.png">
      <Filter>Resource Files</Filter>
    </Image>
    <Image Include="CancelAddingHover.png">
      <Filter>Resource Files</Filter>
    </Image>
    <Image Include="AddNoteHoverWithPen.png">
      <Filter>Resource Files</Filter>
    </Image>
    <Image Include="AddNote.png">
      <Filter>Resource Files</Filter>
    </Image>
    <Image Include="AddNoteHover.png">
      <Filter>Resource Files</Filter>
    </Image>
    <Image Include="DeleteNote.png">
      <Filter>Resource Files</Filter>
    </Image>
    <Image Include="DeleteNoteHover.png">
      <Filter>Resource Files</Filter>
    </Image>
    <Image Include="EditNote.png">
      <Filter>Resource Files</Filter>
    </Image>
    <Image Include="EditNoteHover.png">
      <Filter>Resource Files</Filter>
    </Image>
    <Image Include="NoteBackground600.png">
      <Filter>Resource Files</Filter>
    </Image>
    <Image Include="NoteBackground450.png">
      <Filter>Resource Files</Filter>
    </Image>
    <Image Include="Main_icon.ico">
      <Filter>Resource Files</Filter>
    </Image>
    <Image Include="CloseWindowHover.png">
      <Filter>Resource Files</Filter>
    </Image>
    <Image Include="MaximizeWindow.png">
      <Filter>Resource Files</Filter>
    </Image>
    <Image Include="MaximizeWindowHover.png">
      <Filter>Resource Files</Filter>
    </Image>
    <Image Include="MinimizeWindow.png">
      <Filter>Resource Files</Filter>
    </Image>
    <Image Include="MinimizeWindowHover.png">
      <Filter>Resource Files</Filter>
    </Image>
    <Image Include="CloseWindow.png">
      <Filter>Resource Files</Filter>
    </Image>
    <Image Include="CloseWindowButtonOnMouseMove.png">
      <Filter>Resource Files</Filter>
    </Image>
    <Image Include="CloseWindowButton.png">
      <Filter>Resource Files</Filter>
    </Image>
    <Image Include="edit.png">
      <Filter>Resource Files</Filter>
    </Image>
    <Image Include="1s-udalenie.png">
      <Filter>Resource Files</Filter>
    </Image>
  </ItemGroup>
</Project>